{
  "name": "riichi",
  "version": "1.0.3",
  "lockfileVersion": 1,
  "requires": true,
  "dependencies": {
    "agari": {
      "version": "0.0.1",
      "resolved": "https://registry.npmjs.org/agari/-/agari-0.0.1.tgz",
      "integrity": "sha512-Mgiqsug8C7qGVmscUW5tMuQP5N83rlqggzEQQViFE6KBj+tStJ4FUpU+i9DrFp+7kX1VzAJUpoaclNEG2jM1cA=="
    },
    "syanten": {
      "version": "1.3.0",
      "resolved": "https://registry.npmjs.org/syanten/-/syanten-1.3.0.tgz",
      "integrity": "sha512-KzlkmZ0BffCQ36hlNQUMrBRii0CpUv6pr49ntrgNHaHFuw7l/2keglVWVggyNu/UFqByPUZozs74PQ3+uPx8CA=="
    }
  }
}
