{
  "name": "riichi",
  "version": "1.0.0",
  "lockfileVersion": 1,
  "requires": true,
  "dependencies": {
    "agari": {
      "version": "0.0.1",
      "resolved": "https://registry.npmjs.org/agari/-/agari-0.0.1.tgz",
      "integrity": "sha512-Mgiqsug8C7qGVmscUW5tMuQP5N83rlqggzEQQViFE6KBj+tStJ4FUpU+i9DrFp+7kX1VzAJUpoaclNEG2jM1cA=="
    },
    "syanten": {
      "version": "1.2.0",
      "resolved": "https://registry.npmjs.org/syanten/-/syanten-1.2.0.tgz",
      "integrity": "sha512-TEw+6wryNoEZmaN2ZbvKuT9PMu5RtpyRkcyRMvXwnm+//UqPBJUlVYsnhjRJs/FV1Rs7frV3IhmHwfTxZkK5lQ=="
    }
  }
}
