{
  "name": "riichi",
  "version": "1.1.1",
  "lockfileVersion": 1,
  "requires": true,
  "dependencies": {
    "agari": {
      "version": "1.0.1",
      "resolved": "https://registry.npmjs.org/agari/-/agari-1.0.1.tgz",
      "integrity": "sha512-a9kIaeYiirNIdMl7GfcocHyvfbXkma+sLBo8nl9dakuLmSlFC9rd3ot+pEavjqGlqeGq5w0I3dalW1BBuZjjGw=="
    },
    "syanten": {
      "version": "1.4.0",
      "resolved": "https://registry.npmjs.org/syanten/-/syanten-1.4.0.tgz",
      "integrity": "sha512-AIUtPN0GXQQSgxXH4zsRjHWoUH72IwY08Jzn2SpB6soPUWtB97ZORZafIOC46EoxPCncaRjVE6oD3rNlN0xtXA=="
    }
  }
}
